
Microsoft Visual Studio Solution File, Format Version 12.00
# Visual Studio Version 17
VisualStudioVersion = 17.4.33110.190
MinimumVisualStudioVersion = 10.0.40219.1
Project("{FAE04EC0-301F-11D3-BF4B-00C04F79EFBC}") = "Биохимический анализ крови", "Биохимический анализ крови.csproj", "{95CD249A-6C3D-4F61-BAAF-A619C8364676}"
EndProject
Global
	GlobalSection(SolutionConfigurationPlatforms) = preSolution
		Debug|Any CPU = Debug|Any CPU
		Release|Any CPU = Release|Any CPU
	EndGlobalSection
	GlobalSection(ProjectConfigurationPlatforms) = postSolution
		{95CD249A-6C3D-4F61-BAAF-A619C8364676}.Debug|Any CPU.ActiveCfg = Debug|Any CPU
		{95CD249A-6C3D-4F61-BAAF-A619C8364676}.Debug|Any CPU.Build.0 = Debug|Any CPU
		{95CD249A-6C3D-4F61-BAAF-A619C8364676}.Release|Any CPU.ActiveCfg = Release|Any CPU
		{95CD249A-6C3D-4F61-BAAF-A619C8364676}.Release|Any CPU.Build.0 = Release|Any CPU
	EndGlobalSection
	GlobalSection(SolutionProperties) = preSolution
		HideSolutionNode = FALSE
	EndGlobalSection
	GlobalSection(ExtensibilityGlobals) = postSolution
		SolutionGuid = {4FE21D3F-05FC-48FC-9572-CEBA8746EFE0}
	EndGlobalSection
EndGlobal
